
Microsoft Visual Studio Solution File, Format Version 12.00
# Visual Studio Version 16
VisualStudioVersion = 16.0.29905.134
MinimumVisualStudioVersion = 10.0.40219.1
Project("{FAE04EC0-301F-11D3-BF4B-00C04F79EFBC}") = "APBD_CodeFirst", "APBD_CodeFirst.csproj", "{8E9EC11B-22FD-4BFC-AC91-D978F0D0423F}"
EndProject
Global
	GlobalSection(SolutionConfigurationPlatforms) = preSolution
		Debug|Any CPU = Debug|Any CPU
		Release|Any CPU = Release|Any CPU
	EndGlobalSection
	GlobalSection(ProjectConfigurationPlatforms) = postSolution
		{8E9EC11B-22FD-4BFC-AC91-D978F0D0423F}.Debug|Any CPU.ActiveCfg = Debug|Any CPU
		{8E9EC11B-22FD-4BFC-AC91-D978F0D0423F}.Debug|Any CPU.Build.0 = Debug|Any CPU
		{8E9EC11B-22FD-4BFC-AC91-D978F0D0423F}.Release|Any CPU.ActiveCfg = Release|Any CPU
		{8E9EC11B-22FD-4BFC-AC91-D978F0D0423F}.Release|Any CPU.Build.0 = Release|Any CPU
	EndGlobalSection
	GlobalSection(SolutionProperties) = preSolution
		HideSolutionNode = FALSE
	EndGlobalSection
	GlobalSection(ExtensibilityGlobals) = postSolution
		SolutionGuid = {B02EC5E1-AB38-4D8F-878F-D6BF9EA9DEF8}
	EndGlobalSection
EndGlobal
